
Microsoft Visual Studio Solution File, Format Version 12.00
# Visual Studio Version 17
VisualStudioVersion = 17.9.34728.123
MinimumVisualStudioVersion = 10.0.40219.1
Project("{FAE04EC0-301F-11D3-BF4B-00C04F79EFBC}") = "Interfaces", "Interfaces.csproj", "{7C45A219-A6B9-4462-B053-6103588C3AFE}"
EndProject
Global
	GlobalSection(SolutionConfigurationPlatforms) = preSolution
		Debug|Any CPU = Debug|Any CPU
		Release|Any CPU = Release|Any CPU
	EndGlobalSection
	GlobalSection(ProjectConfigurationPlatforms) = postSolution
		{7C45A219-A6B9-4462-B053-6103588C3AFE}.Debug|Any CPU.ActiveCfg = Debug|Any CPU
		{7C45A219-A6B9-4462-B053-6103588C3AFE}.Debug|Any CPU.Build.0 = Debug|Any CPU
		{7C45A219-A6B9-4462-B053-6103588C3AFE}.Release|Any CPU.ActiveCfg = Release|Any CPU
		{7C45A219-A6B9-4462-B053-6103588C3AFE}.Release|Any CPU.Build.0 = Release|Any CPU
	EndGlobalSection
	GlobalSection(SolutionProperties) = preSolution
		HideSolutionNode = FALSE
	EndGlobalSection
	GlobalSection(ExtensibilityGlobals) = postSolution
		SolutionGuid = {82AB3B3D-F651-4A89-BA3B-CF47F3617CEC}
	EndGlobalSection
EndGlobal
